
Microsoft Visual Studio Solution File, Format Version 12.00
# Visual Studio 14
VisualStudioVersion = 14.0.24720.0
MinimumVisualStudioVersion = 10.0.40219.1
Project("{FAE04EC0-301F-11D3-BF4B-00C04F79EFBC}") = "FileVisualizor", "FileVisualizor\FileVisualizor.csproj", "{E86B6FBC-9BFE-4617-BB24-D3261D910376}"
EndProject
Global
	GlobalSection(SolutionConfigurationPlatforms) = preSolution
		Debug|Any CPU = Debug|Any CPU
		Release|Any CPU = Release|Any CPU
	EndGlobalSection
	GlobalSection(ProjectConfigurationPlatforms) = postSolution
		{E86B6FBC-9BFE-4617-BB24-D3261D910376}.Debug|Any CPU.ActiveCfg = Debug|Any CPU
		{E86B6FBC-9BFE-4617-BB24-D3261D910376}.Debug|Any CPU.Build.0 = Debug|Any CPU
		{E86B6FBC-9BFE-4617-BB24-D3261D910376}.Release|Any CPU.ActiveCfg = Release|Any CPU
		{E86B6FBC-9BFE-4617-BB24-D3261D910376}.Release|Any CPU.Build.0 = Release|Any CPU
	EndGlobalSection
	GlobalSection(SolutionProperties) = preSolution
		HideSolutionNode = FALSE
	EndGlobalSection
EndGlobal
